
Microsoft Visual Studio Solution File, Format Version 12.00
# Visual Studio 15
VisualStudioVersion = 15.0.27428.2037
MinimumVisualStudioVersion = 10.0.40219.1
Project("{FAE04EC0-301F-11D3-BF4B-00C04F79EFBC}") = "AdvancedShieldBelts", "AdvancedShieldBelts\AdvancedShieldBelts.csproj", "{D5A78C64-7DB4-442A-AF1F-C8DCA6D4CA20}"
EndProject
Global
	GlobalSection(SolutionConfigurationPlatforms) = preSolution
		Debug|Any CPU = Debug|Any CPU
		Release|Any CPU = Release|Any CPU
	EndGlobalSection
	GlobalSection(ProjectConfigurationPlatforms) = postSolution
		{D5A78C64-7DB4-442A-AF1F-C8DCA6D4CA20}.Debug|Any CPU.ActiveCfg = Debug|Any CPU
		{D5A78C64-7DB4-442A-AF1F-C8DCA6D4CA20}.Debug|Any CPU.Build.0 = Debug|Any CPU
		{D5A78C64-7DB4-442A-AF1F-C8DCA6D4CA20}.Release|Any CPU.ActiveCfg = Release|Any CPU
		{D5A78C64-7DB4-442A-AF1F-C8DCA6D4CA20}.Release|Any CPU.Build.0 = Release|Any CPU
	EndGlobalSection
	GlobalSection(SolutionProperties) = preSolution
		HideSolutionNode = FALSE
	EndGlobalSection
	GlobalSection(ExtensibilityGlobals) = postSolution
		SolutionGuid = {49218032-554C-499A-903B-85BA3EDFCC44}
	EndGlobalSection
EndGlobal
